
Microsoft Visual Studio Solution File, Format Version 12.00
# Visual Studio Version 17
VisualStudioVersion = 17.4.33205.214
MinimumVisualStudioVersion = 10.0.40219.1
Project("{FAE04EC0-301F-11D3-BF4B-00C04F79EFBC}") = "Console_Calculator", "Console_Calculator\Console_Calculator.csproj", "{330EF88B-A018-4745-975F-B3D8533C5DD4}"
EndProject
Global
	GlobalSection(SolutionConfigurationPlatforms) = preSolution
		Debug|Any CPU = Debug|Any CPU
		Release|Any CPU = Release|Any CPU
	EndGlobalSection
	GlobalSection(ProjectConfigurationPlatforms) = postSolution
		{330EF88B-A018-4745-975F-B3D8533C5DD4}.Debug|Any CPU.ActiveCfg = Debug|Any CPU
		{330EF88B-A018-4745-975F-B3D8533C5DD4}.Debug|Any CPU.Build.0 = Debug|Any CPU
		{330EF88B-A018-4745-975F-B3D8533C5DD4}.Release|Any CPU.ActiveCfg = Release|Any CPU
		{330EF88B-A018-4745-975F-B3D8533C5DD4}.Release|Any CPU.Build.0 = Release|Any CPU
	EndGlobalSection
	GlobalSection(SolutionProperties) = preSolution
		HideSolutionNode = FALSE
	EndGlobalSection
	GlobalSection(ExtensibilityGlobals) = postSolution
		SolutionGuid = {BF9401D3-7D1C-4838-9139-4BF9E55B2EB1}
	EndGlobalSection
EndGlobal
